
Microsoft Visual Studio Solution File, Format Version 12.00
# Visual Studio Version 17
VisualStudioVersion = 17.14.36811.4 d17.14
MinimumVisualStudioVersion = 10.0.40219.1
Project("{FAE04EC0-301F-11D3-BF4B-00C04F79EFBC}") = "Gotyeam", "Gotyeam.csproj", "{65C03C7B-6C57-4D4C-A003-20C18AC383ED}"
EndProject
Global
	GlobalSection(SolutionConfigurationPlatforms) = preSolution
		Debug|Any CPU = Debug|Any CPU
		Release|Any CPU = Release|Any CPU
	EndGlobalSection
	GlobalSection(ProjectConfigurationPlatforms) = postSolution
		{65C03C7B-6C57-4D4C-A003-20C18AC383ED}.Debug|Any CPU.ActiveCfg = Debug|Any CPU
		{65C03C7B-6C57-4D4C-A003-20C18AC383ED}.Debug|Any CPU.Build.0 = Debug|Any CPU
		{65C03C7B-6C57-4D4C-A003-20C18AC383ED}.Release|Any CPU.ActiveCfg = Release|Any CPU
		{65C03C7B-6C57-4D4C-A003-20C18AC383ED}.Release|Any CPU.Build.0 = Release|Any CPU
	EndGlobalSection
	GlobalSection(SolutionProperties) = preSolution
		HideSolutionNode = FALSE
	EndGlobalSection
	GlobalSection(ExtensibilityGlobals) = postSolution
		SolutionGuid = {18106CCB-4FBF-4D77-BCD2-F9EB68A51711}
	EndGlobalSection
EndGlobal
